
Microsoft Visual Studio Solution File, Format Version 12.00
# Visual Studio Version 17
VisualStudioVersion = 17.10.35013.160
MinimumVisualStudioVersion = 10.0.40219.1
Project("{FAE04EC0-301F-11D3-BF4B-00C04F79EFBC}") = "EmployeeManagementAPI", "EmployeeManagementAPI\EmployeeManagementAPI.csproj", "{874FA0E5-B1D3-4F8C-86FE-3B3D5D60307D}"
EndProject
Global
	GlobalSection(SolutionConfigurationPlatforms) = preSolution
		Debug|Any CPU = Debug|Any CPU
		Release|Any CPU = Release|Any CPU
	EndGlobalSection
	GlobalSection(ProjectConfigurationPlatforms) = postSolution
		{874FA0E5-B1D3-4F8C-86FE-3B3D5D60307D}.Debug|Any CPU.ActiveCfg = Debug|Any CPU
		{874FA0E5-B1D3-4F8C-86FE-3B3D5D60307D}.Debug|Any CPU.Build.0 = Debug|Any CPU
		{874FA0E5-B1D3-4F8C-86FE-3B3D5D60307D}.Release|Any CPU.ActiveCfg = Release|Any CPU
		{874FA0E5-B1D3-4F8C-86FE-3B3D5D60307D}.Release|Any CPU.Build.0 = Release|Any CPU
	EndGlobalSection
	GlobalSection(SolutionProperties) = preSolution
		HideSolutionNode = FALSE
	EndGlobalSection
	GlobalSection(ExtensibilityGlobals) = postSolution
		SolutionGuid = {54B4FF77-C8D2-4FC9-BD60-5D4DAEDE80DC}
	EndGlobalSection
EndGlobal
